// !$*UTF8*$!
{
	archiveVersion = 1;
	classes = {
	};
	objectVersion = 77;
	objects = {

/* Begin PBXBuildFile section */
		386B95CF2D23CD160007D522 /* FirebaseAuth in Frameworks */ = {isa = PBXBuildFile; productRef = 386B95CE2D23CD160007D522 /* FirebaseAuth */; };
		386B95D12D23CD160007D522 /* FirebaseFirestore in Frameworks */ = {isa = PBXBuildFile; productRef = 386B95D02D23CD160007D522 /* FirebaseFirestore */; };
		386B95D32D23CD160007D522 /* FirebaseStorage in Frameworks */ = {isa = PBXBuildFile; productRef = 386B95D22D23CD160007D522 /* FirebaseStorage */; };
/* End PBXBuildFile section */

/* Begin PBXContainerItemProxy section */
		38FF47D42D1DA92800CA020B /* PBXContainerItemProxy */ = {
			isa = PBXContainerItemProxy;
			containerPortal = 38FF47BA2D1DA92400CA020B /* Project object */;
			proxyType = 1;
			remoteGlobalIDString = 38FF47C12D1DA92400CA020B;
			remoteInfo = ClockInClockOut;
		};
		38FF47DE2D1DA92800CA020B /* PBXContainerItemProxy */ = {
			isa = PBXContainerItemProxy;
			containerPortal = 38FF47BA2D1DA92400CA020B /* Project object */;
			proxyType = 1;
			remoteGlobalIDString = 38FF47C12D1DA92400CA020B;
			remoteInfo = ClockInClockOut;
		};
/* End PBXContainerItemProxy section */

/* Begin PBXFileReference section */
		38FF47C22D1DA92400CA020B /* ClockInClockOut.app */ = {isa = PBXFileReference; explicitFileType = wrapper.application; includeInIndex = 0; path = ClockInClockOut.app; sourceTree = BUILT_PRODUCTS_DIR; };
		38FF47D32D1DA92800CA020B /* ClockInClockOutTests.xctest */ = {isa = PBXFileReference; explicitFileType = wrapper.cfbundle; includeInIndex = 0; path = ClockInClockOutTests.xctest; sourceTree = BUILT_PRODUCTS_DIR; };
		38FF47DD2D1DA92800CA020B /* ClockInClockOutUITests.xctest */ = {isa = PBXFileReference; explicitFileType = wrapper.cfbundle; includeInIndex = 0; path = ClockInClockOutUITests.xctest; sourceTree = BUILT_PRODUCTS_DIR; };
/* End PBXFileReference section */

/* Begin PBXFileSystemSynchronizedRootGroup section */
		38FF47C42D1DA92400CA020B /* ClockInClockOut */ = {
			isa = PBXFileSystemSynchronizedRootGroup;
			path = ClockInClockOut;
			sourceTree = "<group>";
		};
		38FF47D62D1DA92800CA020B /* ClockInClockOutTests */ = {
			isa = PBXFileSystemSynchronizedRootGroup;
			path = ClockInClockOutTests;
			sourceTree = "<group>";
		};
		38FF47E02D1DA92800CA020B /* ClockInClockOutUITests */ = {
			isa = PBXFileSystemSynchronizedRootGroup;
			path = ClockInClockOutUITests;
			sourceTree = "<group>";
		};
/* End PBXFileSystemSynchronizedRootGroup section */

/* Begin PBXFrameworksBuildPhase section */
		38FF47BF2D1DA92400CA020B /* Frameworks */ = {
			isa = PBXFrameworksBuildPhase;
			buildActionMask = 2147483647;
			files = (
				386B95CF2D23CD160007D522 /* FirebaseAuth in Frameworks */,
				386B95D12D23CD160007D522 /* FirebaseFirestore in Frameworks */,
				386B95D32D23CD160007D522 /* FirebaseStorage in Frameworks */,
			);
			runOnlyForDeploymentPostprocessing = 0;
		};
		38FF47D02D1DA92800CA020B /* Frameworks */ = {
			isa = PBXFrameworksBuildPhase;
			buildActionMask = 2147483647;
			files = (
			);
			runOnlyForDeploymentPostprocessing = 0;
		};
		38FF47DA2D1DA92800CA020B /* Frameworks */ = {
			isa = PBXFrameworksBuildPhase;
			buildActionMask = 2147483647;
			files = (
			);
			runOnlyForDeploymentPostprocessing = 0;
		};
/* End PBXFrameworksBuildPhase section */

/* Begin PBXGroup section */
		38FF47B92D1DA92400CA020B = {
			isa = PBXGroup;
			children = (
				38FF47C42D1DA92400CA020B /* ClockInClockOut */,
				38FF47D62D1DA92800CA020B /* ClockInClockOutTests */,
				38FF47E02D1DA92800CA020B /* ClockInClockOutUITests */,
				38FF47C32D1DA92400CA020B /* Products */,
			);
			sourceTree = "<group>";
		};
		38FF47C32D1DA92400CA020B /* Products */ = {
			isa = PBXGroup;
			children = (
				38FF47C22D1DA92400CA020B /* ClockInClockOut.app */,
				38FF47D32D1DA92800CA020B /* ClockInClockOutTests.xctest */,
				38FF47DD2D1DA92800CA020B /* ClockInClockOutUITests.xctest */,
			);
			name = Products;
			sourceTree = "<group>";
		};
/* End PBXGroup section */

/* Begin PBXNativeTarget section */
		38FF47C12D1DA92400CA020B /* ClockInClockOut */ = {
			isa = PBXNativeTarget;
			buildConfigurationList = 38FF47E72D1DA92800CA020B /* Build configuration list for PBXNativeTarget "ClockInClockOut" */;
			buildPhases = (
				38FF47BE2D1DA92400CA020B /* Sources */,
				38FF47BF2D1DA92400CA020B /* Frameworks */,
				38FF47C02D1DA92400CA020B /* Resources */,
			);
			buildRules = (
			);
			dependencies = (
			);
			fileSystemSynchronizedGroups = (
				38FF47C42D1DA92400CA020B /* ClockInClockOut */,
			);
			name = ClockInClockOut;
			packageProductDependencies = (
				386B95CE2D23CD160007D522 /* FirebaseAuth */,
				386B95D02D23CD160007D522 /* FirebaseFirestore */,
				386B95D22D23CD160007D522 /* FirebaseStorage */,
			);
			productName = ClockInClockOut;
			productReference = 38FF47C22D1DA92400CA020B /* ClockInClockOut.app */;
			productType = "com.apple.product-type.application";
		};
		38FF47D22D1DA92800CA020B /* ClockInClockOutTests */ = {
			isa = PBXNativeTarget;
			buildConfigurationList = 38FF47EA2D1DA92800CA020B /* Build configuration list for PBXNativeTarget "ClockInClockOutTests" */;
			buildPhases = (
				38FF47CF2D1DA92800CA020B /* Sources */,
				38FF47D02D1DA92800CA020B /* Frameworks */,
				38FF47D12D1DA92800CA020B /* Resources */,
			);
			buildRules = (
			);
			dependencies = (
				38FF47D52D1DA92800CA020B /* PBXTargetDependency */,
			);
			fileSystemSynchronizedGroups = (
				38FF47D62D1DA92800CA020B /* ClockInClockOutTests */,
			);
			name = ClockInClockOutTests;
			packageProductDependencies = (
			);
			productName = ClockInClockOutTests;
			productReference = 38FF47D32D1DA92800CA020B /* ClockInClockOutTests.xctest */;
			productType = "com.apple.product-type.bundle.unit-test";
		};
		38FF47DC2D1DA92800CA020B /* ClockInClockOutUITests */ = {
			isa = PBXNativeTarget;
			buildConfigurationList = 38FF47ED2D1DA92800CA020B /* Build configuration list for PBXNativeTarget "ClockInClockOutUITests" */;
			buildPhases = (
				38FF47D92D1DA92800CA020B /* Sources */,
				38FF47DA2D1DA92800CA020B /* Frameworks */,
				38FF47DB2D1DA92800CA020B /* Resources */,
			);
			buildRules = (
			);
			dependencies = (
				38FF47DF2D1DA92800CA020B /* PBXTargetDependency */,
			);
			fileSystemSynchronizedGroups = (
				38FF47E02D1DA92800CA020B /* ClockInClockOutUITests */,
			);
			name = ClockInClockOutUITests;
			packageProductDependencies = (
			);
			productName = ClockInClockOutUITests;
			productReference = 38FF47DD2D1DA92800CA020B /* ClockInClockOutUITests.xctest */;
			productType = "com.apple.product-type.bundle.ui-testing";
		};
/* End PBXNativeTarget section */

/* Begin PBXProject section */
		38FF47BA2D1DA92400CA020B /* Project object */ = {
			isa = PBXProject;
			attributes = {
				BuildIndependentTargetsInParallel = 1;
				LastSwiftUpdateCheck = 1620;
				LastUpgradeCheck = 1620;
				TargetAttributes = {
					38FF47C12D1DA92400CA020B = {
						CreatedOnToolsVersion = 16.2;
					};
					38FF47D22D1DA92800CA020B = {
						CreatedOnToolsVersion = 16.2;
						TestTargetID = 38FF47C12D1DA92400CA020B;
					};
					38FF47DC2D1DA92800CA020B = {
						CreatedOnToolsVersion = 16.2;
						TestTargetID = 38FF47C12D1DA92400CA020B;
					};
				};
			};
			buildConfigurationList = 38FF47BD2D1DA92400CA020B /* Build configuration list for PBXProject "ClockInClockOut" */;
			developmentRegion = en;
			hasScannedForEncodings = 0;
			knownRegions = (
				en,
				Base,
			);
			mainGroup = 38FF47B92D1DA92400CA020B;
			minimizedProjectReferenceProxies = 1;
			packageReferences = (
				386B95CD2D23CD160007D522 /* XCRemoteSwiftPackageReference "firebase-ios-sdk" */,
			);
			preferredProjectObjectVersion = 77;
			productRefGroup = 38FF47C32D1DA92400CA020B /* Products */;
			projectDirPath = "";
			projectRoot = "";
			targets = (
				38FF47C12D1DA92400CA020B /* ClockInClockOut */,
				38FF47D22D1DA92800CA020B /* ClockInClockOutTests */,
				38FF47DC2D1DA92800CA020B /* ClockInClockOutUITests */,
			);
		};
/* End PBXProject section */

/* Begin PBXResourcesBuildPhase section */
		38FF47C02D1DA92400CA020B /* Resources */ = {
			isa = PBXResourcesBuildPhase;
			buildActionMask = 2147483647;
			files = (
			);
			runOnlyForDeploymentPostprocessing = 0;
		};
		38FF47D12D1DA92800CA020B /* Resources */ = {
			isa = PBXResourcesBuildPhase;
			buildActionMask = 2147483647;
			files = (
			);
			runOnlyForDeploymentPostprocessing = 0;
		};
		38FF47DB2D1DA92800CA020B /* Resources */ = {
			isa = PBXResourcesBuildPhase;
			buildActionMask = 2147483647;
			files = (
			);
			runOnlyForDeploymentPostprocessing = 0;
		};
/* End PBXResourcesBuildPhase section */

/* Begin PBXSourcesBuildPhase section */
		38FF47BE2D1DA92400CA020B /* Sources */ = {
			isa = PBXSourcesBuildPhase;
			buildActionMask = 2147483647;
			files = (
			);
			runOnlyForDeploymentPostprocessing = 0;
		};
		38FF47CF2D1DA92800CA020B /* Sources */ = {
			isa = PBXSourcesBuildPhase;
			buildActionMask = 2147483647;
			files = (
			);
			runOnlyForDeploymentPostprocessing = 0;
		};
		38FF47D92D1DA92800CA020B /* Sources */ = {
			isa = PBXSourcesBuildPhase;
			buildActionMask = 2147483647;
			files = (
			);
			runOnlyForDeploymentPostprocessing = 0;
		};
/* End PBXSourcesBuildPhase section */

/* Begin PBXTargetDependency section */
		38FF47D52D1DA92800CA020B /* PBXTargetDependency */ = {
			isa = PBXTargetDependency;
			target = 38FF47C12D1DA92400CA020B /* ClockInClockOut */;
			targetProxy = 38FF47D42D1DA92800CA020B /* PBXContainerItemProxy */;
		};
		38FF47DF2D1DA92800CA020B /* PBXTargetDependency */ = {
			isa = PBXTargetDependency;
			target = 38FF47C12D1DA92400CA020B /* ClockInClockOut */;
			targetProxy = 38FF47DE2D1DA92800CA020B /* PBXContainerItemProxy */;
		};
/* End PBXTargetDependency section */

/* Begin XCBuildConfiguration section */
		38FF47E52D1DA92800CA020B /* Debug */ = {
			isa = XCBuildConfiguration;
			buildSettings = {
				ALWAYS_SEARCH_USER_PATHS = NO;
				ASSETCATALOG_COMPILER_GENERATE_SWIFT_ASSET_SYMBOL_EXTENSIONS = YES;
				CLANG_ANALYZER_NONNULL = YES;
				CLANG_ANALYZER_NUMBER_OBJECT_CONVERSION = YES_AGGRESSIVE;
				CLANG_CXX_LANGUAGE_STANDARD = "gnu++20";
				CLANG_ENABLE_MODULES = YES;
				CLANG_ENABLE_OBJC_ARC = YES;
				CLANG_ENABLE_OBJC_WEAK = YES;
				CLANG_WARN_BLOCK_CAPTURE_AUTORELEASING = YES;
				CLANG_WARN_BOOL_CONVERSION = YES;
				CLANG_WARN_COMMA = YES;
				CLANG_WARN_CONSTANT_CONVERSION = YES;
				CLANG_WARN_DEPRECATED_OBJC_IMPLEMENTATIONS = YES;
				CLANG_WARN_DIRECT_OBJC_ISA_USAGE = YES_ERROR;
				CLANG_WARN_DOCUMENTATION_COMMENTS = YES;
				CLANG_WARN_EMPTY_BODY = YES;
				CLANG_WARN_ENUM_CONVERSION = YES;
				CLANG_WARN_INFINITE_RECURSION = YES;
				CLANG_WARN_INT_CONVERSION = YES;
				CLANG_WARN_NON_LITERAL_NULL_CONVERSION = YES;
				CLANG_WARN_OBJC_IMPLICIT_RETAIN_SELF = YES;
				CLANG_WARN_OBJC_LITERAL_CONVERSION = YES;
				CLANG_WARN_OBJC_ROOT_CLASS = YES_ERROR;
				CLANG_WARN_QUOTED_INCLUDE_IN_FRAMEWORK_HEADER = YES;
				CLANG_WARN_RANGE_LOOP_ANALYSIS = YES;
				CLANG_WARN_STRICT_PROTOTYPES = YES;
				CLANG_WARN_SUSPICIOUS_MOVE = YES;
				CLANG_WARN_UNGUARDED_AVAILABILITY = YES_AGGRESSIVE;
				CLANG_WARN_UNREACHABLE_CODE = YES;
				CLANG_WARN__DUPLICATE_METHOD_MATCH = YES;
				COPY_PHASE_STRIP = NO;
				DEBUG_INFORMATION_FORMAT = dwarf;
				ENABLE_STRICT_OBJC_MSGSEND = YES;
				ENABLE_TESTABILITY = YES;
				ENABLE_USER_SCRIPT_SANDBOXING = YES;
				GCC_C_LANGUAGE_STANDARD = gnu17;
				GCC_DYNAMIC_NO_PIC = NO;
				GCC_NO_COMMON_BLOCKS = YES;
				GCC_OPTIMIZATION_LEVEL = 0;
				GCC_PREPROCESSOR_DEFINITIONS = (
					"DEBUG=1",
					"$(inherited)",
				);
				GCC_WARN_64_TO_32_BIT_CONVERSION = YES;
				GCC_WARN_ABOUT_RETURN_TYPE = YES_ERROR;
				GCC_WARN_UNDECLARED_SELECTOR = YES;
				GCC_WARN_UNINITIALIZED_AUTOS = YES_AGGRESSIVE;
				GCC_WARN_UNUSED_FUNCTION = YES;
				GCC_WARN_UNUSED_VARIABLE = YES;
				LOCALIZATION_PREFERS_STRING_CATALOGS = YES;
				MTL_ENABLE_DEBUG_INFO = INCLUDE_SOURCE;
				MTL_FAST_MATH = YES;
				ONLY_ACTIVE_ARCH = YES;
				SWIFT_ACTIVE_COMPILATION_CONDITIONS = "DEBUG $(inherited)";
				SWIFT_OPTIMIZATION_LEVEL = "-Onone";
			};
			name = Debug;
		};
		38FF47E62D1DA92800CA020B /* Release */ = {
			isa = XCBuildConfiguration;
			buildSettings = {
				ALWAYS_SEARCH_USER_PATHS = NO;
				ASSETCATALOG_COMPILER_GENERATE_SWIFT_ASSET_SYMBOL_EXTENSIONS = YES;
				CLANG_ANALYZER_NONNULL = YES;
				CLANG_ANALYZER_NUMBER_OBJECT_CONVERSION = YES_AGGRESSIVE;
				CLANG_CXX_LANGUAGE_STANDARD = "gnu++20";
				CLANG_ENABLE_MODULES = YES;
				CLANG_ENABLE_OBJC_ARC = YES;
				CLANG_ENABLE_OBJC_WEAK = YES;
				CLANG_WARN_BLOCK_CAPTURE_AUTORELEASING = YES;
				CLANG_WARN_BOOL_CONVERSION = YES;
				CLANG_WARN_COMMA = YES;
				CLANG_WARN_CONSTANT_CONVERSION = YES;
				CLANG_WARN_DEPRECATED_OBJC_IMPLEMENTATIONS = YES;
				CLANG_WARN_DIRECT_OBJC_ISA_USAGE = YES_ERROR;
				CLANG_WARN_DOCUMENTATION_COMMENTS = YES;
				CLANG_WARN_EMPTY_BODY = YES;
				CLANG_WARN_ENUM_CONVERSION = YES;
				CLANG_WARN_INFINITE_RECURSION = YES;
				CLANG_WARN_INT_CONVERSION = YES;
				CLANG_WARN_NON_LITERAL_NULL_CONVERSION = YES;
				CLANG_WARN_OBJC_IMPLICIT_RETAIN_SELF = YES;
				CLANG_WARN_OBJC_LITERAL_CONVERSION = YES;
				CLANG_WARN_OBJC_ROOT_CLASS = YES_ERROR;
				CLANG_WARN_QUOTED_INCLUDE_IN_FRAMEWORK_HEADER = YES;
				CLANG_WARN_RANGE_LOOP_ANALYSIS = YES;
				CLANG_WARN_STRICT_PROTOTYPES = YES;
				CLANG_WARN_SUSPICIOUS_MOVE = YES;
				CLANG_WARN_UNGUARDED_AVAILABILITY = YES_AGGRESSIVE;
				CLANG_WARN_UNREACHABLE_CODE = YES;
				CLANG_WARN__DUPLICATE_METHOD_MATCH = YES;
				COPY_PHASE_STRIP = NO;
				DEBUG_INFORMATION_FORMAT = "dwarf-with-dsym";
				ENABLE_NS_ASSERTIONS = NO;
				ENABLE_STRICT_OBJC_MSGSEND = YES;
				ENABLE_USER_SCRIPT_SANDBOXING = YES;
				GCC_C_LANGUAGE_STANDARD = gnu17;
				GCC_NO_COMMON_BLOCKS = YES;
				GCC_WARN_64_TO_32_BIT_CONVERSION = YES;
				GCC_WARN_ABOUT_RETURN_TYPE = YES_ERROR;
				GCC_WARN_UNDECLARED_SELECTOR = YES;
				GCC_WARN_UNINITIALIZED_AUTOS = YES_AGGRESSIVE;
				GCC_WARN_UNUSED_FUNCTION = YES;
				GCC_WARN_UNUSED_VARIABLE = YES;
				LOCALIZATION_PREFERS_STRING_CATALOGS = YES;
				MTL_ENABLE_DEBUG_INFO = NO;
				MTL_FAST_MATH = YES;
				SWIFT_COMPILATION_MODE = wholemodule;
			};
			name = Release;
		};
		38FF47E82D1DA92800CA020B /* Debug */ = {
			isa = XCBuildConfiguration;
			buildSettings = {
				ASSETCATALOG_COMPILER_APPICON_NAME = AppIcon;
				ASSETCATALOG_COMPILER_GLOBAL_ACCENT_COLOR_NAME = AccentColor;
				CODE_SIGN_ENTITLEMENTS = ClockInClockOut/ClockInClockOut.entitlements;
				CODE_SIGN_STYLE = Automatic;
				CURRENT_PROJECT_VERSION = 1;
				DEVELOPMENT_ASSET_PATHS = "\"ClockInClockOut/Preview Content\"";
				ENABLE_PREVIEWS = YES;
				GENERATE_INFOPLIST_FILE = YES;
				"INFOPLIST_KEY_UIApplicationSceneManifest_Generation[sdk=iphoneos*]" = YES;
				"INFOPLIST_KEY_UIApplicationSceneManifest_Generation[sdk=iphonesimulator*]" = YES;
				"INFOPLIST_KEY_UIApplicationSupportsIndirectInputEvents[sdk=iphoneos*]" = YES;
				"INFOPLIST_KEY_UIApplicationSupportsIndirectInputEvents[sdk=iphonesimulator*]" = YES;
				"INFOPLIST_KEY_UILaunchScreen_Generation[sdk=iphoneos*]" = YES;
				"INFOPLIST_KEY_UILaunchScreen_Generation[sdk=iphonesimulator*]" = YES;
				"INFOPLIST_KEY_UIStatusBarStyle[sdk=iphoneos*]" = UIStatusBarStyleDefault;
				"INFOPLIST_KEY_UIStatusBarStyle[sdk=iphonesimulator*]" = UIStatusBarStyleDefault;
				INFOPLIST_KEY_UISupportedInterfaceOrientations_iPad = "UIInterfaceOrientationPortrait UIInterfaceOrientationPortraitUpsideDown UIInterfaceOrientationLandscapeLeft UIInterfaceOrientationLandscapeRight";
				INFOPLIST_KEY_UISupportedInterfaceOrientations_iPhone = "UIInterfaceOrientationPortrait UIInterfaceOrientationLandscapeLeft UIInterfaceOrientationLandscapeRight";
				IPHONEOS_DEPLOYMENT_TARGET = 18.2;
				LD_RUNPATH_SEARCH_PATHS = "@executable_path/Frameworks";
				"LD_RUNPATH_SEARCH_PATHS[sdk=macosx*]" = "@executable_path/../Frameworks";
				MACOSX_DEPLOYMENT_TARGET = 14.5;
				MARKETING_VERSION = 1.0;
				PRODUCT_BUNDLE_IDENTIFIER = com.gabeLearning.ClockInClockOut;
				PRODUCT_NAME = "$(TARGET_NAME)";
				SDKROOT = auto;
				SUPPORTED_PLATFORMS = "iphoneos iphonesimulator macosx xros xrsimulator";
				SWIFT_EMIT_LOC_STRINGS = YES;
				SWIFT_VERSION = 5.0;
				TARGETED_DEVICE_FAMILY = "1,2,7";
				XROS_DEPLOYMENT_TARGET = 2.2;
			};
			name = Debug;
		};
		38FF47E92D1DA92800CA020B /* Release */ = {
			isa = XCBuildConfiguration;
			buildSettings = {
				ASSETCATALOG_COMPILER_APPICON_NAME = AppIcon;
				ASSETCATALOG_COMPILER_GLOBAL_ACCENT_COLOR_NAME = AccentColor;
				CODE_SIGN_ENTITLEMENTS = ClockInClockOut/ClockInClockOut.entitlements;
				CODE_SIGN_STYLE = Automatic;
				CURRENT_PROJECT_VERSION = 1;
				DEVELOPMENT_ASSET_PATHS = "\"ClockInClockOut/Preview Content\"";
				ENABLE_PREVIEWS = YES;
				GENERATE_INFOPLIST_FILE = YES;
				"INFOPLIST_KEY_UIApplicationSceneManifest_Generation[sdk=iphoneos*]" = YES;
				"INFOPLIST_KEY_UIApplicationSceneManifest_Generation[sdk=iphonesimulator*]" = YES;
				"INFOPLIST_KEY_UIApplicationSupportsIndirectInputEvents[sdk=iphoneos*]" = YES;
				"INFOPLIST_KEY_UIApplicationSupportsIndirectInputEvents[sdk=iphonesimulator*]" = YES;
				"INFOPLIST_KEY_UILaunchScreen_Generation[sdk=iphoneos*]" = YES;
				"INFOPLIST_KEY_UILaunchScreen_Generation[sdk=iphonesimulator*]" = YES;
				"INFOPLIST_KEY_UIStatusBarStyle[sdk=iphoneos*]" = UIStatusBarStyleDefault;
				"INFOPLIST_KEY_UIStatusBarStyle[sdk=iphonesimulator*]" = UIStatusBarStyleDefault;
				INFOPLIST_KEY_UISupportedInterfaceOrientations_iPad = "UIInterfaceOrientationPortrait UIInterfaceOrientationPortraitUpsideDown UIInterfaceOrientationLandscapeLeft UIInterfaceOrientationLandscapeRight";
				INFOPLIST_KEY_UISupportedInterfaceOrientations_iPhone = "UIInterfaceOrientationPortrait UIInterfaceOrientationLandscapeLeft UIInterfaceOrientationLandscapeRight";
				IPHONEOS_DEPLOYMENT_TARGET = 18.2;
				LD_RUNPATH_SEARCH_PATHS = "@executable_path/Frameworks";
				"LD_RUNPATH_SEARCH_PATHS[sdk=macosx*]" = "@executable_path/../Frameworks";
				MACOSX_DEPLOYMENT_TARGET = 14.5;
				MARKETING_VERSION = 1.0;
				PRODUCT_BUNDLE_IDENTIFIER = com.gabeLearning.ClockInClockOut;
				PRODUCT_NAME = "$(TARGET_NAME)";
				SDKROOT = auto;
				SUPPORTED_PLATFORMS = "iphoneos iphonesimulator macosx xros xrsimulator";
				SWIFT_EMIT_LOC_STRINGS = YES;
				SWIFT_VERSION = 5.0;
				TARGETED_DEVICE_FAMILY = "1,2,7";
				XROS_DEPLOYMENT_TARGET = 2.2;
			};
			name = Release;
		};
		38FF47EB2D1DA92800CA020B /* Debug */ = {
			isa = XCBuildConfiguration;
			buildSettings = {
				BUNDLE_LOADER = "$(TEST_HOST)";
				CODE_SIGN_STYLE = Automatic;
				CURRENT_PROJECT_VERSION = 1;
				GENERATE_INFOPLIST_FILE = YES;
				IPHONEOS_DEPLOYMENT_TARGET = 18.2;
				MACOSX_DEPLOYMENT_TARGET = 14.5;
				MARKETING_VERSION = 1.0;
				PRODUCT_BUNDLE_IDENTIFIER = com.gabeLearning.ClockInClockOutTests;
				PRODUCT_NAME = "$(TARGET_NAME)";
				SDKROOT = auto;
				SUPPORTED_PLATFORMS = "iphoneos iphonesimulator macosx xros xrsimulator";
				SWIFT_EMIT_LOC_STRINGS = NO;
				SWIFT_VERSION = 5.0;
				TARGETED_DEVICE_FAMILY = "1,2,7";
				TEST_HOST = "$(BUILT_PRODUCTS_DIR)/ClockInClockOut.app/$(BUNDLE_EXECUTABLE_FOLDER_PATH)/ClockInClockOut";
				XROS_DEPLOYMENT_TARGET = 2.2;
			};
			name = Debug;
		};
		38FF47EC2D1DA92800CA020B /* Release */ = {
			isa = XCBuildConfiguration;
			buildSettings = {
				BUNDLE_LOADER = "$(TEST_HOST)";
				CODE_SIGN_STYLE = Automatic;
				CURRENT_PROJECT_VERSION = 1;
				GENERATE_INFOPLIST_FILE = YES;
				IPHONEOS_DEPLOYMENT_TARGET = 18.2;
				MACOSX_DEPLOYMENT_TARGET = 14.5;
				MARKETING_VERSION = 1.0;
				PRODUCT_BUNDLE_IDENTIFIER = com.gabeLearning.ClockInClockOutTests;
				PRODUCT_NAME = "$(TARGET_NAME)";
				SDKROOT = auto;
				SUPPORTED_PLATFORMS = "iphoneos iphonesimulator macosx xros xrsimulator";
				SWIFT_EMIT_LOC_STRINGS = NO;
				SWIFT_VERSION = 5.0;
				TARGETED_DEVICE_FAMILY = "1,2,7";
				TEST_HOST = "$(BUILT_PRODUCTS_DIR)/ClockInClockOut.app/$(BUNDLE_EXECUTABLE_FOLDER_PATH)/ClockInClockOut";
				XROS_DEPLOYMENT_TARGET = 2.2;
			};
			name = Release;
		};
		38FF47EE2D1DA92800CA020B /* Debug */ = {
			isa = XCBuildConfiguration;
			buildSettings = {
				CODE_SIGN_STYLE = Automatic;
				CURRENT_PROJECT_VERSION = 1;
				GENERATE_INFOPLIST_FILE = YES;
				IPHONEOS_DEPLOYMENT_TARGET = 18.2;
				MACOSX_DEPLOYMENT_TARGET = 14.5;
				MARKETING_VERSION = 1.0;
				PRODUCT_BUNDLE_IDENTIFIER = com.gabeLearning.ClockInClockOutUITests;
				PRODUCT_NAME = "$(TARGET_NAME)";
				SDKROOT = auto;
				SUPPORTED_PLATFORMS = "iphoneos iphonesimulator macosx xros xrsimulator";
				SWIFT_EMIT_LOC_STRINGS = NO;
				SWIFT_VERSION = 5.0;
				TARGETED_DEVICE_FAMILY = "1,2,7";
				TEST_TARGET_NAME = ClockInClockOut;
				XROS_DEPLOYMENT_TARGET = 2.2;
			};
			name = Debug;
		};
		38FF47EF2D1DA92800CA020B /* Release */ = {
			isa = XCBuildConfiguration;
			buildSettings = {
				CODE_SIGN_STYLE = Automatic;
				CURRENT_PROJECT_VERSION = 1;
				GENERATE_INFOPLIST_FILE = YES;
				IPHONEOS_DEPLOYMENT_TARGET = 18.2;
				MACOSX_DEPLOYMENT_TARGET = 14.5;
				MARKETING_VERSION = 1.0;
				PRODUCT_BUNDLE_IDENTIFIER = com.gabeLearning.ClockInClockOutUITests;
				PRODUCT_NAME = "$(TARGET_NAME)";
				SDKROOT = auto;
				SUPPORTED_PLATFORMS = "iphoneos iphonesimulator macosx xros xrsimulator";
				SWIFT_EMIT_LOC_STRINGS = NO;
				SWIFT_VERSION = 5.0;
				TARGETED_DEVICE_FAMILY = "1,2,7";
				TEST_TARGET_NAME = ClockInClockOut;
				XROS_DEPLOYMENT_TARGET = 2.2;
			};
			name = Release;
		};
/* End XCBuildConfiguration section */

/* Begin XCConfigurationList section */
		38FF47BD2D1DA92400CA020B /* Build configuration list for PBXProject "ClockInClockOut" */ = {
			isa = XCConfigurationList;
			buildConfigurations = (
				38FF47E52D1DA92800CA020B /* Debug */,
				38FF47E62D1DA92800CA020B /* Release */,
			);
			defaultConfigurationIsVisible = 0;
			defaultConfigurationName = Release;
		};
		38FF47E72D1DA92800CA020B /* Build configuration list for PBXNativeTarget "ClockInClockOut" */ = {
			isa = XCConfigurationList;
			buildConfigurations = (
				38FF47E82D1DA92800CA020B /* Debug */,
				38FF47E92D1DA92800CA020B /* Release */,
			);
			defaultConfigurationIsVisible = 0;
			defaultConfigurationName = Release;
		};
		38FF47EA2D1DA92800CA020B /* Build configuration list for PBXNativeTarget "ClockInClockOutTests" */ = {
			isa = XCConfigurationList;
			buildConfigurations = (
				38FF47EB2D1DA92800CA020B /* Debug */,
				38FF47EC2D1DA92800CA020B /* Release */,
			);
			defaultConfigurationIsVisible = 0;
			defaultConfigurationName = Release;
		};
		38FF47ED2D1DA92800CA020B /* Build configuration list for PBXNativeTarget "ClockInClockOutUITests" */ = {
			isa = XCConfigurationList;
			buildConfigurations = (
				38FF47EE2D1DA92800CA020B /* Debug */,
				38FF47EF2D1DA92800CA020B /* Release */,
			);
			defaultConfigurationIsVisible = 0;
			defaultConfigurationName = Release;
		};
/* End XCConfigurationList section */

/* Begin XCRemoteSwiftPackageReference section */
		386B95CD2D23CD160007D522 /* XCRemoteSwiftPackageReference "firebase-ios-sdk" */ = {
			isa = XCRemoteSwiftPackageReference;
			repositoryURL = "https://github.com/firebase/firebase-ios-sdk.git";
			requirement = {
				kind = upToNextMajorVersion;
				minimumVersion = 11.6.0;
			};
		};
/* End XCRemoteSwiftPackageReference section */

/* Begin XCSwiftPackageProductDependency section */
		386B95CE2D23CD160007D522 /* FirebaseAuth */ = {
			isa = XCSwiftPackageProductDependency;
			package = 386B95CD2D23CD160007D522 /* XCRemoteSwiftPackageReference "firebase-ios-sdk" */;
			productName = FirebaseAuth;
		};
		386B95D02D23CD160007D522 /* FirebaseFirestore */ = {
			isa = XCSwiftPackageProductDependency;
			package = 386B95CD2D23CD160007D522 /* XCRemoteSwiftPackageReference "firebase-ios-sdk" */;
			productName = FirebaseFirestore;
		};
		386B95D22D23CD160007D522 /* FirebaseStorage */ = {
			isa = XCSwiftPackageProductDependency;
			package = 386B95CD2D23CD160007D522 /* XCRemoteSwiftPackageReference "firebase-ios-sdk" */;
			productName = FirebaseStorage;
		};
/* End XCSwiftPackageProductDependency section */
	};
	rootObject = 38FF47BA2D1DA92400CA020B /* Project object */;
}
